
Microsoft Visual Studio Solution File, Format Version 11.00
# Visual Studio 2010
Project("{FAE04EC0-301F-11D3-BF4B-00C04F79EFBC}") = "Assembly-CSharp", "Assembly-CSharp.csproj", "{d1a4e222-1af5-29bd-cf1c-ab21ca0e4c0d}"
EndProject
Global
	GlobalSection(SolutionConfigurationPlatforms) = preSolution
		Debug|Any CPU = Debug|Any CPU
		Release|Any CPU = Release|Any CPU
	EndGlobalSection
	GlobalSection(ProjectConfigurationPlatforms) = postSolution
		{d1a4e222-1af5-29bd-cf1c-ab21ca0e4c0d}.Debug|Any CPU.ActiveCfg = Debug|Any CPU
		{d1a4e222-1af5-29bd-cf1c-ab21ca0e4c0d}.Debug|Any CPU.Build.0 = Debug|Any CPU
		{d1a4e222-1af5-29bd-cf1c-ab21ca0e4c0d}.Release|Any CPU.ActiveCfg = Release|Any CPU
		{d1a4e222-1af5-29bd-cf1c-ab21ca0e4c0d}.Release|Any CPU.Build.0 = Release|Any CPU
	EndGlobalSection
	GlobalSection(SolutionProperties) = preSolution
		HideSolutionNode = FALSE
	EndGlobalSection
EndGlobal
